
Microsoft Visual Studio Solution File, Format Version 12.00
# Visual Studio Version 17
VisualStudioVersion = 17.14.36811.4 d17.14
MinimumVisualStudioVersion = 10.0.40219.1
Project("{FAE04EC0-301F-11D3-BF4B-00C04F79EFBC}") = "Payment (Ödeniş) System", "Payment (Ödeniş) System\Payment (Ödeniş) System.csproj", "{B481ACE9-8FA5-4F01-A303-1F996BA28DFE}"
EndProject
Global
	GlobalSection(SolutionConfigurationPlatforms) = preSolution
		Debug|Any CPU = Debug|Any CPU
		Release|Any CPU = Release|Any CPU
	EndGlobalSection
	GlobalSection(ProjectConfigurationPlatforms) = postSolution
		{B481ACE9-8FA5-4F01-A303-1F996BA28DFE}.Debug|Any CPU.ActiveCfg = Debug|Any CPU
		{B481ACE9-8FA5-4F01-A303-1F996BA28DFE}.Debug|Any CPU.Build.0 = Debug|Any CPU
		{B481ACE9-8FA5-4F01-A303-1F996BA28DFE}.Release|Any CPU.ActiveCfg = Release|Any CPU
		{B481ACE9-8FA5-4F01-A303-1F996BA28DFE}.Release|Any CPU.Build.0 = Release|Any CPU
	EndGlobalSection
	GlobalSection(SolutionProperties) = preSolution
		HideSolutionNode = FALSE
	EndGlobalSection
	GlobalSection(ExtensibilityGlobals) = postSolution
		SolutionGuid = {8BCF3D06-5F45-4C45-AF16-5B8C5F4527BA}
	EndGlobalSection
EndGlobal
